
Microsoft Visual Studio Solution File, Format Version 12.00
Project("{FAE04EC0-301F-11D3-BF4B-00C04F79EFBC}") = "CryptLab2", "CryptLab2\CryptLab2.csproj", "{91E6274F-E8BC-4C41-9FE1-ADB0530311DD}"
EndProject
Global
	GlobalSection(SolutionConfigurationPlatforms) = preSolution
		Debug|Any CPU = Debug|Any CPU
		Release|Any CPU = Release|Any CPU
	EndGlobalSection
	GlobalSection(ProjectConfigurationPlatforms) = postSolution
		{91E6274F-E8BC-4C41-9FE1-ADB0530311DD}.Debug|Any CPU.ActiveCfg = Debug|Any CPU
		{91E6274F-E8BC-4C41-9FE1-ADB0530311DD}.Debug|Any CPU.Build.0 = Debug|Any CPU
		{91E6274F-E8BC-4C41-9FE1-ADB0530311DD}.Release|Any CPU.ActiveCfg = Release|Any CPU
		{91E6274F-E8BC-4C41-9FE1-ADB0530311DD}.Release|Any CPU.Build.0 = Release|Any CPU
	EndGlobalSection
EndGlobal
